# THIS IS AN AUTOGENERATED FILE. DO NOT EDIT THIS FILE DIRECTLY.
# yarn lockfile v1


"@faker-js/faker@^8.0.2":
  version "8.0.2"
  resolved "https://registry.npmjs.org/@faker-js/faker/-/faker-8.0.2.tgz"
  integrity sha512-Uo3pGspElQW91PCvKSIAXoEgAUlRnH29sX2/p89kg7sP1m2PzCufHINd0FhTXQf6DYGiUlVncdSPa2F9wxed2A==

"@types/google.maps@^3.53.5":
  version "3.53.5"
  resolved "https://registry.npmjs.org/@types/google.maps/-/google.maps-3.53.5.tgz"
  integrity sha512-HoRq4Te8J6krH7hj+TfdYepqegoKZCj3kkaK5gf+ySFSHLvyqYkDvkrtbcVJXQ6QBphQ0h1TF7p4J6sOh4r/zg==

"@types/googlemaps@^3.43.3":
  version "3.43.3"
  resolved "https://registry.npmjs.org/@types/googlemaps/-/googlemaps-3.43.3.tgz"
  integrity sha512-ZWNoz/O8MPEpiajvj7QiqCY8tTLFNqNZ/a+s+zTV58wFVNAvvqV4bdGfnsjTb5Cs4V6wEsLrX8XRhmnyYJ2Tdg==

typescript@^5.1.6:
  version "5.1.6"
  resolved "https://registry.npmjs.org/typescript/-/typescript-5.1.6.tgz"
  integrity sha512-zaWCozRZ6DLEWAWFrVDz1H6FVXzUSfTy5FUMWsQlU8Ym5JP9eO4xkTIROFCQvhQf61z6O/G6ugw3SgAnvvm+HA==
